
Microsoft Visual Studio Solution File, Format Version 12.00
# Visual Studio 14
VisualStudioVersion = 14.0.25420.1
MinimumVisualStudioVersion = 10.0.40219.1
Project("{FAE04EC0-301F-11D3-BF4B-00C04F79EFBC}") = "CaptureEverything.UWP", "CaptureEverything.UWP\CaptureEverything.UWP.csproj", "{F636F413-4EC3-4ABA-9F1E-1CFE949D9CCB}"
EndProject
Project("{2150E333-8FDC-42A3-9474-1A3956D46DE8}") = "UWP", "UWP", "{4F33DFDF-FA5E-455D-B649-8879FA104F6A}"
EndProject
Project("{2150E333-8FDC-42A3-9474-1A3956D46DE8}") = "Common", "Common", "{F6AEF94C-6224-4617-BCA7-B97DDE1EC0E4}"
EndProject
Project("{FAE04EC0-301F-11D3-BF4B-00C04F79EFBC}") = "CaptureEverything.Common", "CaptureEverything.Common\CaptureEverything.Common.csproj", "{E6183FD0-A866-474E-89E0-1C463DE6227B}"
EndProject
Project("{FAE04EC0-301F-11D3-BF4B-00C04F79EFBC}") = "CaptureEverything.UWP.Tests", "CaptureEverything.UWP.Tests\CaptureEverything.UWP.Tests.csproj", "{76D46B4D-09DE-406D-B550-ED8E828907E7}"
EndProject
Project("{D954291E-2A0B-460D-934E-DC6B0785DB48}") = "CaptureEverything.Shared", "CaptureEverything.Shared\CaptureEverything.Shared.shproj", "{06E4A192-9249-454B-AD66-15CD6AC8AC70}"
EndProject
Project("{2150E333-8FDC-42A3-9474-1A3956D46DE8}") = "Tests", "Tests", "{C6A319DE-54CD-4AC3-BF71-A38E1F4E8198}"
EndProject
Project("{2150E333-8FDC-42A3-9474-1A3956D46DE8}") = "Shared", "Shared", "{A98A017D-997B-4F49-8501-E4569E210C51}"
EndProject
Global
	GlobalSection(SharedMSBuildProjectFiles) = preSolution
		CaptureEverything.Shared\CaptureEverything.Shared.projitems*{06e4a192-9249-454b-ad66-15cd6ac8ac70}*SharedItemsImports = 13
		CaptureEverything.Shared\CaptureEverything.Shared.projitems*{f636f413-4ec3-4aba-9f1e-1cfe949d9ccb}*SharedItemsImports = 4
	EndGlobalSection
	GlobalSection(SolutionConfigurationPlatforms) = preSolution
		Debug|Any CPU = Debug|Any CPU
		Debug|ARM = Debug|ARM
		Debug|x64 = Debug|x64
		Debug|x86 = Debug|x86
		Release|Any CPU = Release|Any CPU
		Release|ARM = Release|ARM
		Release|x64 = Release|x64
		Release|x86 = Release|x86
	EndGlobalSection
	GlobalSection(ProjectConfigurationPlatforms) = postSolution
		{F636F413-4EC3-4ABA-9F1E-1CFE949D9CCB}.Debug|Any CPU.ActiveCfg = Debug|x86
		{F636F413-4EC3-4ABA-9F1E-1CFE949D9CCB}.Debug|ARM.ActiveCfg = Debug|ARM
		{F636F413-4EC3-4ABA-9F1E-1CFE949D9CCB}.Debug|ARM.Build.0 = Debug|ARM
		{F636F413-4EC3-4ABA-9F1E-1CFE949D9CCB}.Debug|ARM.Deploy.0 = Debug|ARM
		{F636F413-4EC3-4ABA-9F1E-1CFE949D9CCB}.Debug|x64.ActiveCfg = Debug|x64
		{F636F413-4EC3-4ABA-9F1E-1CFE949D9CCB}.Debug|x64.Build.0 = Debug|x64
		{F636F413-4EC3-4ABA-9F1E-1CFE949D9CCB}.Debug|x64.Deploy.0 = Debug|x64
		{F636F413-4EC3-4ABA-9F1E-1CFE949D9CCB}.Debug|x86.ActiveCfg = Debug|x86
		{F636F413-4EC3-4ABA-9F1E-1CFE949D9CCB}.Debug|x86.Build.0 = Debug|x86
		{F636F413-4EC3-4ABA-9F1E-1CFE949D9CCB}.Debug|x86.Deploy.0 = Debug|x86
		{F636F413-4EC3-4ABA-9F1E-1CFE949D9CCB}.Release|Any CPU.ActiveCfg = Release|x86
		{F636F413-4EC3-4ABA-9F1E-1CFE949D9CCB}.Release|ARM.ActiveCfg = Release|ARM
		{F636F413-4EC3-4ABA-9F1E-1CFE949D9CCB}.Release|ARM.Build.0 = Release|ARM
		{F636F413-4EC3-4ABA-9F1E-1CFE949D9CCB}.Release|ARM.Deploy.0 = Release|ARM
		{F636F413-4EC3-4ABA-9F1E-1CFE949D9CCB}.Release|x64.ActiveCfg = Release|x64
		{F636F413-4EC3-4ABA-9F1E-1CFE949D9CCB}.Release|x64.Build.0 = Release|x64
		{F636F413-4EC3-4ABA-9F1E-1CFE949D9CCB}.Release|x64.Deploy.0 = Release|x64
		{F636F413-4EC3-4ABA-9F1E-1CFE949D9CCB}.Release|x86.ActiveCfg = Release|x86
		{F636F413-4EC3-4ABA-9F1E-1CFE949D9CCB}.Release|x86.Build.0 = Release|x86
		{F636F413-4EC3-4ABA-9F1E-1CFE949D9CCB}.Release|x86.Deploy.0 = Release|x86
		{E6183FD0-A866-474E-89E0-1C463DE6227B}.Debug|Any CPU.ActiveCfg = Debug|Any CPU
		{E6183FD0-A866-474E-89E0-1C463DE6227B}.Debug|Any CPU.Build.0 = Debug|Any CPU
		{E6183FD0-A866-474E-89E0-1C463DE6227B}.Debug|ARM.ActiveCfg = Debug|Any CPU
		{E6183FD0-A866-474E-89E0-1C463DE6227B}.Debug|ARM.Build.0 = Debug|Any CPU
		{E6183FD0-A866-474E-89E0-1C463DE6227B}.Debug|x64.ActiveCfg = Debug|Any CPU
		{E6183FD0-A866-474E-89E0-1C463DE6227B}.Debug|x64.Build.0 = Debug|Any CPU
		{E6183FD0-A866-474E-89E0-1C463DE6227B}.Debug|x86.ActiveCfg = Debug|Any CPU
		{E6183FD0-A866-474E-89E0-1C463DE6227B}.Debug|x86.Build.0 = Debug|Any CPU
		{E6183FD0-A866-474E-89E0-1C463DE6227B}.Release|Any CPU.ActiveCfg = Release|Any CPU
		{E6183FD0-A866-474E-89E0-1C463DE6227B}.Release|Any CPU.Build.0 = Release|Any CPU
		{E6183FD0-A866-474E-89E0-1C463DE6227B}.Release|ARM.ActiveCfg = Release|Any CPU
		{E6183FD0-A866-474E-89E0-1C463DE6227B}.Release|ARM.Build.0 = Release|Any CPU
		{E6183FD0-A866-474E-89E0-1C463DE6227B}.Release|x64.ActiveCfg = Release|Any CPU
		{E6183FD0-A866-474E-89E0-1C463DE6227B}.Release|x64.Build.0 = Release|Any CPU
		{E6183FD0-A866-474E-89E0-1C463DE6227B}.Release|x86.ActiveCfg = Release|Any CPU
		{E6183FD0-A866-474E-89E0-1C463DE6227B}.Release|x86.Build.0 = Release|Any CPU
		{76D46B4D-09DE-406D-B550-ED8E828907E7}.Debug|Any CPU.ActiveCfg = Debug|x86
		{76D46B4D-09DE-406D-B550-ED8E828907E7}.Debug|ARM.ActiveCfg = Debug|ARM
		{76D46B4D-09DE-406D-B550-ED8E828907E7}.Debug|ARM.Build.0 = Debug|ARM
		{76D46B4D-09DE-406D-B550-ED8E828907E7}.Debug|ARM.Deploy.0 = Debug|ARM
		{76D46B4D-09DE-406D-B550-ED8E828907E7}.Debug|x64.ActiveCfg = Debug|x64
		{76D46B4D-09DE-406D-B550-ED8E828907E7}.Debug|x64.Build.0 = Debug|x64
		{76D46B4D-09DE-406D-B550-ED8E828907E7}.Debug|x64.Deploy.0 = Debug|x64
		{76D46B4D-09DE-406D-B550-ED8E828907E7}.Debug|x86.ActiveCfg = Debug|x86
		{76D46B4D-09DE-406D-B550-ED8E828907E7}.Debug|x86.Build.0 = Debug|x86
		{76D46B4D-09DE-406D-B550-ED8E828907E7}.Debug|x86.Deploy.0 = Debug|x86
		{76D46B4D-09DE-406D-B550-ED8E828907E7}.Release|Any CPU.ActiveCfg = Release|x86
		{76D46B4D-09DE-406D-B550-ED8E828907E7}.Release|ARM.ActiveCfg = Release|ARM
		{76D46B4D-09DE-406D-B550-ED8E828907E7}.Release|ARM.Build.0 = Release|ARM
		{76D46B4D-09DE-406D-B550-ED8E828907E7}.Release|ARM.Deploy.0 = Release|ARM
		{76D46B4D-09DE-406D-B550-ED8E828907E7}.Release|x64.ActiveCfg = Release|x64
		{76D46B4D-09DE-406D-B550-ED8E828907E7}.Release|x64.Build.0 = Release|x64
		{76D46B4D-09DE-406D-B550-ED8E828907E7}.Release|x64.Deploy.0 = Release|x64
		{76D46B4D-09DE-406D-B550-ED8E828907E7}.Release|x86.ActiveCfg = Release|x86
		{76D46B4D-09DE-406D-B550-ED8E828907E7}.Release|x86.Build.0 = Release|x86
		{76D46B4D-09DE-406D-B550-ED8E828907E7}.Release|x86.Deploy.0 = Release|x86
	EndGlobalSection
	GlobalSection(SolutionProperties) = preSolution
		HideSolutionNode = FALSE
	EndGlobalSection
	GlobalSection(NestedProjects) = preSolution
		{F636F413-4EC3-4ABA-9F1E-1CFE949D9CCB} = {4F33DFDF-FA5E-455D-B649-8879FA104F6A}
		{E6183FD0-A866-474E-89E0-1C463DE6227B} = {F6AEF94C-6224-4617-BCA7-B97DDE1EC0E4}
		{76D46B4D-09DE-406D-B550-ED8E828907E7} = {C6A319DE-54CD-4AC3-BF71-A38E1F4E8198}
		{06E4A192-9249-454B-AD66-15CD6AC8AC70} = {A98A017D-997B-4F49-8501-E4569E210C51}
		{C6A319DE-54CD-4AC3-BF71-A38E1F4E8198} = {4F33DFDF-FA5E-455D-B649-8879FA104F6A}
	EndGlobalSection
EndGlobal
